
Microsoft Visual Studio Solution File, Format Version 12.00
# Visual Studio Version 17
VisualStudioVersion = 17.1.32407.343
MinimumVisualStudioVersion = 10.0.40219.1
Project("{2150E333-8FDC-42A3-9474-1A3956D46DE8}") = "Core", "Core", "{EB9BD1B4-BDBF-4F33-AAA7-34F95B5AE432}"
EndProject
Project("{2150E333-8FDC-42A3-9474-1A3956D46DE8}") = "Infrastructure", "Infrastructure", "{9837B926-A511-40FB-94DC-2ED04B530C7B}"
EndProject
Project("{2150E333-8FDC-42A3-9474-1A3956D46DE8}") = "Presentation", "Presentation", "{4073BD90-3A88-4A5C-8693-03D7719B1DDC}"
EndProject
Project("{2150E333-8FDC-42A3-9474-1A3956D46DE8}") = "Tests", "Tests", "{15492A03-D53B-48FF-B195-373C5CB8C97E}"
EndProject
Project("{9A19103F-16F7-4668-BE54-9A1E7A4F7556}") = "Notes.Domain", "Notes.Domain\Notes.Domain.csproj", "{7B67046E-5717-42AF-9461-A0C9AD9AE725}"
EndProject
Project("{FAE04EC0-301F-11D3-BF4B-00C04F79EFBC}") = "Notes.Application", "Notes.Applecation\Notes.Application.csproj", "{5499736F-E237-472D-8212-DFBD3E6D8032}"
EndProject
Project("{FAE04EC0-301F-11D3-BF4B-00C04F79EFBC}") = "Notes.Persistence", "Notes.Persistence\Notes.Persistence.csproj", "{B42D0E47-24E9-4B4F-98AA-C71B586B59C8}"
EndProject
Project("{FAE04EC0-301F-11D3-BF4B-00C04F79EFBC}") = "Notes.WebApi", "Notes.WebApi\Notes.WebApi.csproj", "{E0D81EA6-6482-420B-AC01-1BF88F87E5F6}"
EndProject
Global
	GlobalSection(SolutionConfigurationPlatforms) = preSolution
		Debug|Any CPU = Debug|Any CPU
		Release|Any CPU = Release|Any CPU
	EndGlobalSection
	GlobalSection(ProjectConfigurationPlatforms) = postSolution
		{7B67046E-5717-42AF-9461-A0C9AD9AE725}.Debug|Any CPU.ActiveCfg = Debug|Any CPU
		{7B67046E-5717-42AF-9461-A0C9AD9AE725}.Debug|Any CPU.Build.0 = Debug|Any CPU
		{7B67046E-5717-42AF-9461-A0C9AD9AE725}.Release|Any CPU.ActiveCfg = Release|Any CPU
		{7B67046E-5717-42AF-9461-A0C9AD9AE725}.Release|Any CPU.Build.0 = Release|Any CPU
		{5499736F-E237-472D-8212-DFBD3E6D8032}.Debug|Any CPU.ActiveCfg = Debug|Any CPU
		{5499736F-E237-472D-8212-DFBD3E6D8032}.Debug|Any CPU.Build.0 = Debug|Any CPU
		{5499736F-E237-472D-8212-DFBD3E6D8032}.Release|Any CPU.ActiveCfg = Release|Any CPU
		{5499736F-E237-472D-8212-DFBD3E6D8032}.Release|Any CPU.Build.0 = Release|Any CPU
		{B42D0E47-24E9-4B4F-98AA-C71B586B59C8}.Debug|Any CPU.ActiveCfg = Debug|Any CPU
		{B42D0E47-24E9-4B4F-98AA-C71B586B59C8}.Debug|Any CPU.Build.0 = Debug|Any CPU
		{B42D0E47-24E9-4B4F-98AA-C71B586B59C8}.Release|Any CPU.ActiveCfg = Release|Any CPU
		{B42D0E47-24E9-4B4F-98AA-C71B586B59C8}.Release|Any CPU.Build.0 = Release|Any CPU
		{E0D81EA6-6482-420B-AC01-1BF88F87E5F6}.Debug|Any CPU.ActiveCfg = Debug|Any CPU
		{E0D81EA6-6482-420B-AC01-1BF88F87E5F6}.Debug|Any CPU.Build.0 = Debug|Any CPU
		{E0D81EA6-6482-420B-AC01-1BF88F87E5F6}.Release|Any CPU.ActiveCfg = Release|Any CPU
		{E0D81EA6-6482-420B-AC01-1BF88F87E5F6}.Release|Any CPU.Build.0 = Release|Any CPU
	EndGlobalSection
	GlobalSection(SolutionProperties) = preSolution
		HideSolutionNode = FALSE
	EndGlobalSection
	GlobalSection(NestedProjects) = preSolution
		{7B67046E-5717-42AF-9461-A0C9AD9AE725} = {EB9BD1B4-BDBF-4F33-AAA7-34F95B5AE432}
		{5499736F-E237-472D-8212-DFBD3E6D8032} = {EB9BD1B4-BDBF-4F33-AAA7-34F95B5AE432}
		{B42D0E47-24E9-4B4F-98AA-C71B586B59C8} = {9837B926-A511-40FB-94DC-2ED04B530C7B}
		{E0D81EA6-6482-420B-AC01-1BF88F87E5F6} = {4073BD90-3A88-4A5C-8693-03D7719B1DDC}
	EndGlobalSection
	GlobalSection(ExtensibilityGlobals) = postSolution
		SolutionGuid = {E9B6393E-0A24-446F-9E90-A57D7A796949}
	EndGlobalSection
EndGlobal
